
Microsoft Visual Studio Solution File, Format Version 12.00
# Visual Studio Version 17
VisualStudioVersion = 17.1.32210.238
MinimumVisualStudioVersion = 10.0.40219.1
Project("{FAE04EC0-301F-11D3-BF4B-00C04F79EFBC}") = "powerof two", "powerof two\powerof two.csproj", "{117DE1EA-D49F-4106-A490-9B0D560BC712}"
EndProject
Global
	GlobalSection(SolutionConfigurationPlatforms) = preSolution
		Debug|Any CPU = Debug|Any CPU
		Release|Any CPU = Release|Any CPU
	EndGlobalSection
	GlobalSection(ProjectConfigurationPlatforms) = postSolution
		{117DE1EA-D49F-4106-A490-9B0D560BC712}.Debug|Any CPU.ActiveCfg = Debug|Any CPU
		{117DE1EA-D49F-4106-A490-9B0D560BC712}.Debug|Any CPU.Build.0 = Debug|Any CPU
		{117DE1EA-D49F-4106-A490-9B0D560BC712}.Release|Any CPU.ActiveCfg = Release|Any CPU
		{117DE1EA-D49F-4106-A490-9B0D560BC712}.Release|Any CPU.Build.0 = Release|Any CPU
	EndGlobalSection
	GlobalSection(SolutionProperties) = preSolution
		HideSolutionNode = FALSE
	EndGlobalSection
	GlobalSection(ExtensibilityGlobals) = postSolution
		SolutionGuid = {BCC26F23-4A3C-4CC0-85BA-A8EDEFCA170A}
	EndGlobalSection
EndGlobal
