
Microsoft Visual Studio Solution File, Format Version 12.00
# Visual Studio Version 17
VisualStudioVersion = 17.1.32210.238
MinimumVisualStudioVersion = 10.0.40219.1
Project("{FAE04EC0-301F-11D3-BF4B-00C04F79EFBC}") = "Largestnum", "Largestnum\Largestnum.csproj", "{1554E485-443C-4074-8202-A53D4974B77A}"
EndProject
Global
	GlobalSection(SolutionConfigurationPlatforms) = preSolution
		Debug|Any CPU = Debug|Any CPU
		Release|Any CPU = Release|Any CPU
	EndGlobalSection
	GlobalSection(ProjectConfigurationPlatforms) = postSolution
		{1554E485-443C-4074-8202-A53D4974B77A}.Debug|Any CPU.ActiveCfg = Debug|Any CPU
		{1554E485-443C-4074-8202-A53D4974B77A}.Debug|Any CPU.Build.0 = Debug|Any CPU
		{1554E485-443C-4074-8202-A53D4974B77A}.Release|Any CPU.ActiveCfg = Release|Any CPU
		{1554E485-443C-4074-8202-A53D4974B77A}.Release|Any CPU.Build.0 = Release|Any CPU
	EndGlobalSection
	GlobalSection(SolutionProperties) = preSolution
		HideSolutionNode = FALSE
	EndGlobalSection
	GlobalSection(ExtensibilityGlobals) = postSolution
		SolutionGuid = {4331CC8F-A52E-4E80-9734-DA3EE90311FE}
	EndGlobalSection
EndGlobal
